
Microsoft Visual Studio Solution File, Format Version 12.00
# Visual Studio Version 17
VisualStudioVersion = 17.5.001.0
MinimumVisualStudioVersion = 10.0.40219.1
Project("{9A19103F-16F7-4668-BE54-9A1E7A4F7556}") = "Todo", "Todo.csproj", "{0C21E038-3D10-420E-A9AD-3C1198AC32CF}"
EndProject
Global
	GlobalSection(SolutionConfigurationPlatforms) = preSolution
		Debug|Any CPU = Debug|Any CPU
		Release|Any CPU = Release|Any CPU
	EndGlobalSection
	GlobalSection(ProjectConfigurationPlatforms) = postSolution
		{0C21E038-3D10-420E-A9AD-3C1198AC32CF}.Debug|Any CPU.ActiveCfg = Debug|Any CPU
		{0C21E038-3D10-420E-A9AD-3C1198AC32CF}.Debug|Any CPU.Build.0 = Debug|Any CPU
		{0C21E038-3D10-420E-A9AD-3C1198AC32CF}.Release|Any CPU.ActiveCfg = Release|Any CPU
		{0C21E038-3D10-420E-A9AD-3C1198AC32CF}.Release|Any CPU.Build.0 = Release|Any CPU
	EndGlobalSection
	GlobalSection(SolutionProperties) = preSolution
		HideSolutionNode = FALSE
	EndGlobalSection
	GlobalSection(ExtensibilityGlobals) = postSolution
		SolutionGuid = {00797CC2-47C3-4B13-AAA4-22815B0D865C}
	EndGlobalSection
EndGlobal
