
Microsoft Visual Studio Solution File, Format Version 12.00
# Visual Studio Version 17
VisualStudioVersion = 17.5.001.0
MinimumVisualStudioVersion = 10.0.40219.1
Project("{9A19103F-16F7-4668-BE54-9A1E7A4F7556}") = "MinhaApi", "MinhaApi.csproj", "{FDBED487-9C9E-461C-B74B-88DF1931D465}"
EndProject
Global
	GlobalSection(SolutionConfigurationPlatforms) = preSolution
		Debug|Any CPU = Debug|Any CPU
		Release|Any CPU = Release|Any CPU
	EndGlobalSection
	GlobalSection(ProjectConfigurationPlatforms) = postSolution
		{FDBED487-9C9E-461C-B74B-88DF1931D465}.Debug|Any CPU.ActiveCfg = Debug|Any CPU
		{FDBED487-9C9E-461C-B74B-88DF1931D465}.Debug|Any CPU.Build.0 = Debug|Any CPU
		{FDBED487-9C9E-461C-B74B-88DF1931D465}.Release|Any CPU.ActiveCfg = Release|Any CPU
		{FDBED487-9C9E-461C-B74B-88DF1931D465}.Release|Any CPU.Build.0 = Release|Any CPU
	EndGlobalSection
	GlobalSection(SolutionProperties) = preSolution
		HideSolutionNode = FALSE
	EndGlobalSection
	GlobalSection(ExtensibilityGlobals) = postSolution
		SolutionGuid = {57516B23-DC34-43B6-AD7F-9871DFED86A1}
	EndGlobalSection
EndGlobal
